
Microsoft Visual Studio Solution File, Format Version 12.00
# Visual Studio Version 18
VisualStudioVersion = 18.7.11911.148
MinimumVisualStudioVersion = 10.0.40219.1
Project("{FAE04EC0-301F-11D3-BF4B-00C04F79EFBC}") = "Kharbarchi.Client", "Kharbarchi.Client\Kharbarchi.Client.csproj", "{FA3FB99D-ADDE-E0FE-FEEC-B60638EF7C91}"
EndProject
Project("{FAE04EC0-301F-11D3-BF4B-00C04F79EFBC}") = "Kharbarchi.Server", "Kharbarchi.Server\Kharbarchi.Server.csproj", "{EA6A1354-5083-6812-AB13-01FD9B31CE1F}"
EndProject
Project("{FAE04EC0-301F-11D3-BF4B-00C04F79EFBC}") = "Kharbarchi.Shared", "Kharbarchi.Shared\Kharbarchi.Shared.csproj", "{32334FD6-4798-AD7B-3612-FADC2947B029}"
EndProject
Project("{FAE04EC0-301F-11D3-BF4B-00C04F79EFBC}") = "Kharbarchi.Store", "Kharbarchi.Store\Kharbarchi.Store.csproj", "{656BF090-00A1-4C18-B3FB-236D9B2CD723}"
EndProject
Project("{FAE04EC0-301F-11D3-BF4B-00C04F79EFBC}") = "Kharbarchi.Server.Tests", "Kharbarchi.Server.Tests\Kharbarchi.Server.Tests.csproj", "{B7E5D3A1-45A2-4AE0-8D2D-F017EAA49C61}"
EndProject
Global
	GlobalSection(SolutionConfigurationPlatforms) = preSolution
		Debug|Any CPU = Debug|Any CPU
		Debug|x64 = Debug|x64
		Debug|x86 = Debug|x86
		Release|Any CPU = Release|Any CPU
		Release|x64 = Release|x64
		Release|x86 = Release|x86
	EndGlobalSection
	GlobalSection(ProjectConfigurationPlatforms) = postSolution
		{FA3FB99D-ADDE-E0FE-FEEC-B60638EF7C91}.Debug|Any CPU.ActiveCfg = Debug|Any CPU
		{FA3FB99D-ADDE-E0FE-FEEC-B60638EF7C91}.Debug|Any CPU.Build.0 = Debug|Any CPU
		{FA3FB99D-ADDE-E0FE-FEEC-B60638EF7C91}.Debug|x64.ActiveCfg = Debug|Any CPU
		{FA3FB99D-ADDE-E0FE-FEEC-B60638EF7C91}.Debug|x64.Build.0 = Debug|Any CPU
		{FA3FB99D-ADDE-E0FE-FEEC-B60638EF7C91}.Debug|x86.ActiveCfg = Debug|Any CPU
		{FA3FB99D-ADDE-E0FE-FEEC-B60638EF7C91}.Debug|x86.Build.0 = Debug|Any CPU
		{FA3FB99D-ADDE-E0FE-FEEC-B60638EF7C91}.Release|Any CPU.ActiveCfg = Release|Any CPU
		{FA3FB99D-ADDE-E0FE-FEEC-B60638EF7C91}.Release|Any CPU.Build.0 = Release|Any CPU
		{FA3FB99D-ADDE-E0FE-FEEC-B60638EF7C91}.Release|x64.ActiveCfg = Release|Any CPU
		{FA3FB99D-ADDE-E0FE-FEEC-B60638EF7C91}.Release|x64.Build.0 = Release|Any CPU
		{FA3FB99D-ADDE-E0FE-FEEC-B60638EF7C91}.Release|x86.ActiveCfg = Release|Any CPU
		{FA3FB99D-ADDE-E0FE-FEEC-B60638EF7C91}.Release|x86.Build.0 = Release|Any CPU
		{EA6A1354-5083-6812-AB13-01FD9B31CE1F}.Debug|Any CPU.ActiveCfg = Debug|Any CPU
		{EA6A1354-5083-6812-AB13-01FD9B31CE1F}.Debug|Any CPU.Build.0 = Debug|Any CPU
		{EA6A1354-5083-6812-AB13-01FD9B31CE1F}.Debug|x64.ActiveCfg = Debug|Any CPU
		{EA6A1354-5083-6812-AB13-01FD9B31CE1F}.Debug|x64.Build.0 = Debug|Any CPU
		{EA6A1354-5083-6812-AB13-01FD9B31CE1F}.Debug|x86.ActiveCfg = Debug|Any CPU
		{EA6A1354-5083-6812-AB13-01FD9B31CE1F}.Debug|x86.Build.0 = Debug|Any CPU
		{EA6A1354-5083-6812-AB13-01FD9B31CE1F}.Release|Any CPU.ActiveCfg = Release|Any CPU
		{EA6A1354-5083-6812-AB13-01FD9B31CE1F}.Release|Any CPU.Build.0 = Release|Any CPU
		{EA6A1354-5083-6812-AB13-01FD9B31CE1F}.Release|x64.ActiveCfg = Release|Any CPU
		{EA6A1354-5083-6812-AB13-01FD9B31CE1F}.Release|x64.Build.0 = Release|Any CPU
		{EA6A1354-5083-6812-AB13-01FD9B31CE1F}.Release|x86.ActiveCfg = Release|Any CPU
		{EA6A1354-5083-6812-AB13-01FD9B31CE1F}.Release|x86.Build.0 = Release|Any CPU
		{32334FD6-4798-AD7B-3612-FADC2947B029}.Debug|Any CPU.ActiveCfg = Debug|Any CPU
		{32334FD6-4798-AD7B-3612-FADC2947B029}.Debug|Any CPU.Build.0 = Debug|Any CPU
		{32334FD6-4798-AD7B-3612-FADC2947B029}.Debug|x64.ActiveCfg = Debug|Any CPU
		{32334FD6-4798-AD7B-3612-FADC2947B029}.Debug|x64.Build.0 = Debug|Any CPU
		{32334FD6-4798-AD7B-3612-FADC2947B029}.Debug|x86.ActiveCfg = Debug|Any CPU
		{32334FD6-4798-AD7B-3612-FADC2947B029}.Debug|x86.Build.0 = Debug|Any CPU
		{32334FD6-4798-AD7B-3612-FADC2947B029}.Release|Any CPU.ActiveCfg = Release|Any CPU
		{32334FD6-4798-AD7B-3612-FADC2947B029}.Release|Any CPU.Build.0 = Release|Any CPU
		{32334FD6-4798-AD7B-3612-FADC2947B029}.Release|x64.ActiveCfg = Release|Any CPU
		{32334FD6-4798-AD7B-3612-FADC2947B029}.Release|x64.Build.0 = Release|Any CPU
		{32334FD6-4798-AD7B-3612-FADC2947B029}.Release|x86.ActiveCfg = Release|Any CPU
		{32334FD6-4798-AD7B-3612-FADC2947B029}.Release|x86.Build.0 = Release|Any CPU
		{656BF090-00A1-4C18-B3FB-236D9B2CD723}.Debug|Any CPU.ActiveCfg = Debug|Any CPU
		{656BF090-00A1-4C18-B3FB-236D9B2CD723}.Debug|Any CPU.Build.0 = Debug|Any CPU
		{656BF090-00A1-4C18-B3FB-236D9B2CD723}.Debug|x64.ActiveCfg = Debug|Any CPU
		{656BF090-00A1-4C18-B3FB-236D9B2CD723}.Debug|x64.Build.0 = Debug|Any CPU
		{656BF090-00A1-4C18-B3FB-236D9B2CD723}.Debug|x86.ActiveCfg = Debug|Any CPU
		{656BF090-00A1-4C18-B3FB-236D9B2CD723}.Debug|x86.Build.0 = Debug|Any CPU
		{656BF090-00A1-4C18-B3FB-236D9B2CD723}.Release|Any CPU.ActiveCfg = Release|Any CPU
		{656BF090-00A1-4C18-B3FB-236D9B2CD723}.Release|Any CPU.Build.0 = Release|Any CPU
		{656BF090-00A1-4C18-B3FB-236D9B2CD723}.Release|x64.ActiveCfg = Release|Any CPU
		{656BF090-00A1-4C18-B3FB-236D9B2CD723}.Release|x64.Build.0 = Release|Any CPU
		{656BF090-00A1-4C18-B3FB-236D9B2CD723}.Release|x86.ActiveCfg = Release|Any CPU
		{656BF090-00A1-4C18-B3FB-236D9B2CD723}.Release|x86.Build.0 = Release|Any CPU
		{B7E5D3A1-45A2-4AE0-8D2D-F017EAA49C61}.Debug|Any CPU.ActiveCfg = Debug|Any CPU
		{B7E5D3A1-45A2-4AE0-8D2D-F017EAA49C61}.Debug|Any CPU.Build.0 = Debug|Any CPU
		{B7E5D3A1-45A2-4AE0-8D2D-F017EAA49C61}.Debug|x64.ActiveCfg = Debug|Any CPU
		{B7E5D3A1-45A2-4AE0-8D2D-F017EAA49C61}.Debug|x64.Build.0 = Debug|Any CPU
		{B7E5D3A1-45A2-4AE0-8D2D-F017EAA49C61}.Debug|x86.ActiveCfg = Debug|Any CPU
		{B7E5D3A1-45A2-4AE0-8D2D-F017EAA49C61}.Debug|x86.Build.0 = Debug|Any CPU
		{B7E5D3A1-45A2-4AE0-8D2D-F017EAA49C61}.Release|Any CPU.ActiveCfg = Release|Any CPU
		{B7E5D3A1-45A2-4AE0-8D2D-F017EAA49C61}.Release|Any CPU.Build.0 = Release|Any CPU
		{B7E5D3A1-45A2-4AE0-8D2D-F017EAA49C61}.Release|x64.ActiveCfg = Release|Any CPU
		{B7E5D3A1-45A2-4AE0-8D2D-F017EAA49C61}.Release|x64.Build.0 = Release|Any CPU
		{B7E5D3A1-45A2-4AE0-8D2D-F017EAA49C61}.Release|x86.ActiveCfg = Release|Any CPU
		{B7E5D3A1-45A2-4AE0-8D2D-F017EAA49C61}.Release|x86.Build.0 = Release|Any CPU
	EndGlobalSection
	GlobalSection(SolutionProperties) = preSolution
		HideSolutionNode = FALSE
	EndGlobalSection
	GlobalSection(ExtensibilityGlobals) = postSolution
		SolutionGuid = {1C7A218F-1C9C-41F9-8588-255367993BC4}
	EndGlobalSection
EndGlobal

