<Solution>
  <Project Path="Kharbarchi.Shared/Kharbarchi.Shared.csproj" />
  <Project Path="Kharbarchi.Client/Kharbarchi.Client.csproj" />
  <Project Path="Kharbarchi.Server/Kharbarchi.Server.csproj" />
  <Project Path="Kharbarchi.Server.Tests/Kharbarchi.Server.Tests.csproj" />
  <Project Path="Kharbarchi.Store/Kharbarchi.Store.csproj" />
</Solution>

